
Microsoft Visual Studio Solution File, Format Version 12.00
# Visual Studio 14
VisualStudioVersion = 14.0.23107.0
MinimumVisualStudioVersion = 10.0.40219.1
Project("{FAE04EC0-301F-11D3-BF4B-00C04F79EFBC}") = "SqlServer.Entity", "SqlServer.Entity\SqlServer.Entity.csproj", "{EA1699C1-B9F0-4B63-9F38-71AC37452255}"
EndProject
Project("{FAE04EC0-301F-11D3-BF4B-00C04F79EFBC}") = "Tests.Unit.SqlServer.Api", "Tests.Unit.SqlServer.Api\Tests.Unit.SqlServer.Api.csproj", "{3E044EA0-C480-4240-AFD5-54D341A8EA21}"
EndProject
Project("{FAE04EC0-301F-11D3-BF4B-00C04F79EFBC}") = "SqlServer.Api", "SqlServer.Api\SqlServer.Api.csproj", "{6ABC9309-88BA-4367-B4E3-7B6B84414509}"
EndProject
Global
	GlobalSection(SolutionConfigurationPlatforms) = preSolution
		Debug|Any CPU = Debug|Any CPU
		Release|Any CPU = Release|Any CPU
	EndGlobalSection
	GlobalSection(ProjectConfigurationPlatforms) = postSolution
		{EA1699C1-B9F0-4B63-9F38-71AC37452255}.Debug|Any CPU.ActiveCfg = Debug|Any CPU
		{EA1699C1-B9F0-4B63-9F38-71AC37452255}.Debug|Any CPU.Build.0 = Debug|Any CPU
		{EA1699C1-B9F0-4B63-9F38-71AC37452255}.Release|Any CPU.ActiveCfg = Release|Any CPU
		{EA1699C1-B9F0-4B63-9F38-71AC37452255}.Release|Any CPU.Build.0 = Release|Any CPU
		{3E044EA0-C480-4240-AFD5-54D341A8EA21}.Debug|Any CPU.ActiveCfg = Debug|Any CPU
		{3E044EA0-C480-4240-AFD5-54D341A8EA21}.Debug|Any CPU.Build.0 = Debug|Any CPU
		{3E044EA0-C480-4240-AFD5-54D341A8EA21}.Release|Any CPU.ActiveCfg = Release|Any CPU
		{3E044EA0-C480-4240-AFD5-54D341A8EA21}.Release|Any CPU.Build.0 = Release|Any CPU
		{6ABC9309-88BA-4367-B4E3-7B6B84414509}.Debug|Any CPU.ActiveCfg = Debug|Any CPU
		{6ABC9309-88BA-4367-B4E3-7B6B84414509}.Debug|Any CPU.Build.0 = Debug|Any CPU
		{6ABC9309-88BA-4367-B4E3-7B6B84414509}.Release|Any CPU.ActiveCfg = Release|Any CPU
		{6ABC9309-88BA-4367-B4E3-7B6B84414509}.Release|Any CPU.Build.0 = Release|Any CPU
	EndGlobalSection
	GlobalSection(SolutionProperties) = preSolution
		HideSolutionNode = FALSE
	EndGlobalSection
EndGlobal
